{
  "name": "lidc_idri_import",
  "version": "1.0.0",
  "lockfileVersion": 2,
  "requires": true,
  "packages": {
    "": {
      "name": "lidc_idri_import",
      "version": "1.0.0",
      "license": "ISC",
      "dependencies": {
        "aimapi": "^0.1.7",
        "papaparse": "^5.3.0"
      },
      "bin": {
        "lidcaimimport": "bin/lidcaimimport"
      }
    },
    "node_modules/aimapi": {
      "version": "0.1.7",
      "resolved": "https://registry.npmjs.org/aimapi/-/aimapi-0.1.7.tgz",
      "integrity": "sha512-GG0jeVONLHzZwKmALjzvhZG8xACJTv/6vyO/PEFAlNIm3QD+mPRyPLH+dJ39HH5C991iy3enZKXPQb73I5DksQ==",
      "dependencies": {
        "yarn": "^1.22.4"
      }
    },
    "node_modules/papaparse": {
      "version": "5.3.0",
      "resolved": "https://registry.npmjs.org/papaparse/-/papaparse-5.3.0.tgz",
      "integrity": "sha512-Lb7jN/4bTpiuGPrYy4tkKoUS8sTki8zacB5ke1p5zolhcSE4TlWgrlsxjrDTbG/dFVh07ck7X36hUf/b5V68pg=="
    },
    "node_modules/yarn": {
      "version": "1.22.21",
      "resolved": "https://registry.npmjs.org/yarn/-/yarn-1.22.21.tgz",
      "integrity": "sha512-ynXaJsADJ9JiZ84zU25XkPGOvVMmZ5b7tmTSpKURYwgELdjucAOydqIOrOfTxVYcNXe91xvLZwcRh68SR3liCg==",
      "hasInstallScript": true,
      "bin": {
        "yarn": "bin/yarn.js",
        "yarnpkg": "bin/yarn.js"
      },
      "engines": {
        "node": ">=4.0.0"
      }
    }
  },
  "dependencies": {
    "aimapi": {
      "version": "0.1.7",
      "resolved": "https://registry.npmjs.org/aimapi/-/aimapi-0.1.7.tgz",
      "integrity": "sha512-GG0jeVONLHzZwKmALjzvhZG8xACJTv/6vyO/PEFAlNIm3QD+mPRyPLH+dJ39HH5C991iy3enZKXPQb73I5DksQ==",
      "requires": {
        "yarn": "^1.22.4"
      }
    },
    "papaparse": {
      "version": "5.3.0",
      "resolved": "https://registry.npmjs.org/papaparse/-/papaparse-5.3.0.tgz",
      "integrity": "sha512-Lb7jN/4bTpiuGPrYy4tkKoUS8sTki8zacB5ke1p5zolhcSE4TlWgrlsxjrDTbG/dFVh07ck7X36hUf/b5V68pg=="
    },
    "yarn": {
      "version": "1.22.21",
      "resolved": "https://registry.npmjs.org/yarn/-/yarn-1.22.21.tgz",
      "integrity": "sha512-ynXaJsADJ9JiZ84zU25XkPGOvVMmZ5b7tmTSpKURYwgELdjucAOydqIOrOfTxVYcNXe91xvLZwcRh68SR3liCg=="
    }
  }
}
